# This file is automatically @generated by Cargo.
# It is not intended for manual editing.
version = 3

[[package]]
name = "any2utf8"
version = "0.1.0"
dependencies = [
 "chardetng",
 "encoding_rs",
]

[[package]]
name = "cfg-if"
version = "1.0.0"
source = "registry+https://github.com/rust-lang/crates.io-index"
checksum = "baf1de4339761588bc0619e3cbc0120ee582ebb74b53b4efbf79117bd2da40fd"

[[package]]
name = "chardetng"
version = "0.1.17"
source = "registry+https://github.com/rust-lang/crates.io-index"
checksum = "14b8f0b65b7b08ae3c8187e8d77174de20cb6777864c6b832d8ad365999cf1ea"
dependencies = [
 "cfg-if",
 "encoding_rs",
 "memchr",
]

[[package]]
name = "encoding_rs"
version = "0.8.33"
source = "registry+https://github.com/rust-lang/crates.io-index"
checksum = "7268b386296a025e474d5140678f75d6de9493ae55a5d709eeb9dd08149945e1"
dependencies = [
 "cfg-if",
]

[[package]]
name = "memchr"
version = "2.7.1"
source = "registry+https://github.com/rust-lang/crates.io-index"
checksum = "523dc4f511e55ab87b694dc30d0f820d60906ef06413f93d4d7a1385599cc149"
